
Microsoft Visual Studio Solution File, Format Version 12.00
# Visual Studio Version 16
VisualStudioVersion = 16.0.30114.105
MinimumVisualStudioVersion = 10.0.40219.1
Project("{2150E333-8FDC-42A3-9474-1A3956D46DE8}") = "src", "src", "{B4CC882B-E624-48A6-92C9-C4FD359ED5FE}"
EndProject
Project("{FAE04EC0-301F-11D3-BF4B-00C04F79EFBC}") = "bc.Science", "src\Library\bc.Science.csproj", "{4C69C7F1-E3E0-4011-9A5D-0B297DEEB833}"
EndProject
Project("{FAE04EC0-301F-11D3-BF4B-00C04F79EFBC}") = "bc.Science.Tests", "src\Tests\bc.Science.Tests.csproj", "{F09B4D10-0C4B-4D20-85C9-01263E57ECB4}"
EndProject
Global
	GlobalSection(SolutionConfigurationPlatforms) = preSolution
		Debug|Any CPU = Debug|Any CPU
		Release|Any CPU = Release|Any CPU
	EndGlobalSection
	GlobalSection(SolutionProperties) = preSolution
		HideSolutionNode = FALSE
	EndGlobalSection
	GlobalSection(ProjectConfigurationPlatforms) = postSolution
		{4C69C7F1-E3E0-4011-9A5D-0B297DEEB833}.Debug|Any CPU.ActiveCfg = Debug|Any CPU
		{4C69C7F1-E3E0-4011-9A5D-0B297DEEB833}.Debug|Any CPU.Build.0 = Debug|Any CPU
		{4C69C7F1-E3E0-4011-9A5D-0B297DEEB833}.Release|Any CPU.ActiveCfg = Release|Any CPU
		{4C69C7F1-E3E0-4011-9A5D-0B297DEEB833}.Release|Any CPU.Build.0 = Release|Any CPU
		{F09B4D10-0C4B-4D20-85C9-01263E57ECB4}.Debug|Any CPU.ActiveCfg = Debug|Any CPU
		{F09B4D10-0C4B-4D20-85C9-01263E57ECB4}.Debug|Any CPU.Build.0 = Debug|Any CPU
		{F09B4D10-0C4B-4D20-85C9-01263E57ECB4}.Release|Any CPU.ActiveCfg = Release|Any CPU
		{F09B4D10-0C4B-4D20-85C9-01263E57ECB4}.Release|Any CPU.Build.0 = Release|Any CPU
	EndGlobalSection
	GlobalSection(NestedProjects) = preSolution
		{4C69C7F1-E3E0-4011-9A5D-0B297DEEB833} = {B4CC882B-E624-48A6-92C9-C4FD359ED5FE}
		{F09B4D10-0C4B-4D20-85C9-01263E57ECB4} = {B4CC882B-E624-48A6-92C9-C4FD359ED5FE}
	EndGlobalSection
EndGlobal
